
Microsoft Visual Studio Solution File, Format Version 12.00
# Visual Studio Version 16
VisualStudioVersion = 16.0.31321.278
MinimumVisualStudioVersion = 10.0.40219.1
Project("{9A19103F-16F7-4668-BE54-9A1E7A4F7556}") = "PersonLib", "PersonLib\PersonLib.csproj", "{63517D90-DAE5-485B-835E-17B8224E92FF}"
EndProject
Project("{9A19103F-16F7-4668-BE54-9A1E7A4F7556}") = "PersonLibTest", "PersonLibTest\PersonLibTest.csproj", "{201B6E95-AA9A-40FD-9309-BDFB4FA49EBD}"
EndProject
Global
	GlobalSection(SolutionConfigurationPlatforms) = preSolution
		Debug|Any CPU = Debug|Any CPU
		Release|Any CPU = Release|Any CPU
	EndGlobalSection
	GlobalSection(ProjectConfigurationPlatforms) = postSolution
		{63517D90-DAE5-485B-835E-17B8224E92FF}.Debug|Any CPU.ActiveCfg = Debug|Any CPU
		{63517D90-DAE5-485B-835E-17B8224E92FF}.Debug|Any CPU.Build.0 = Debug|Any CPU
		{63517D90-DAE5-485B-835E-17B8224E92FF}.Release|Any CPU.ActiveCfg = Release|Any CPU
		{63517D90-DAE5-485B-835E-17B8224E92FF}.Release|Any CPU.Build.0 = Release|Any CPU
		{201B6E95-AA9A-40FD-9309-BDFB4FA49EBD}.Debug|Any CPU.ActiveCfg = Debug|Any CPU
		{201B6E95-AA9A-40FD-9309-BDFB4FA49EBD}.Debug|Any CPU.Build.0 = Debug|Any CPU
		{201B6E95-AA9A-40FD-9309-BDFB4FA49EBD}.Release|Any CPU.ActiveCfg = Release|Any CPU
		{201B6E95-AA9A-40FD-9309-BDFB4FA49EBD}.Release|Any CPU.Build.0 = Release|Any CPU
	EndGlobalSection
	GlobalSection(SolutionProperties) = preSolution
		HideSolutionNode = FALSE
	EndGlobalSection
	GlobalSection(ExtensibilityGlobals) = postSolution
		SolutionGuid = {8F240F8F-D03B-4288-AF7A-CC5C6BF11455}
	EndGlobalSection
EndGlobal
